{
  "name": "db-interchnage",
  "version": "1.0.0",
  "lockfileVersion": 3,
  "requires": true,
  "packages": {
    "": {
      "name": "db-interchnage",
      "version": "1.0.0",
      "license": "ISC",
      "dependencies": {
        "moment": "^2.30.1",
        "oracledb": "^6.0.3"
      }
    },
    "node_modules/moment": {
      "version": "2.30.1",
      "resolved": "https://registry.npmjs.org/moment/-/moment-2.30.1.tgz",
      "integrity": "sha512-uEmtNhbDOrWPFS+hdjFCBfy9f2YoyzRpwcl+DqpC6taX21FzsTLQVbMV/W7PzNSX6x/bhC1zA3c2UQ5NzH6how==",
      "license": "MIT",
      "engines": {
        "node": "*"
      }
    },
    "node_modules/oracledb": {
      "version": "6.7.0",
      "resolved": "https://registry.npmjs.org/oracledb/-/oracledb-6.7.0.tgz",
      "integrity": "sha512-rmYYFSB4I4TAQeP7zjmNw0xvAWHjcmReAclTVXBc/v7a1E9YiKma8pybMbrnRZHu7+zFSyzFb8oWjK8gfY/kEw==",
      "hasInstallScript": true,
      "license": "(Apache-2.0 OR UPL-1.0)",
      "engines": {
        "node": ">=14.6"
      }
    }
  }
}
